// !$*UTF8*$!
{
	archiveVersion = 1;
	classes = {
	};
	objectVersion = 50;
	objects = {

/* Begin PBXBuildFile section */
		DB09D50120D26BD4003ABCE4 /* TDButton.swift in Sources */ = {isa = PBXBuildFile; fileRef = DB09D50020D26BD4003ABCE4 /* TDButton.swift */; };
		DB43C15720C8701100207E94 /* AppDelegate.swift in Sources */ = {isa = PBXBuildFile; fileRef = DB43C15620C8701100207E94 /* AppDelegate.swift */; };
		DB43C15920C8701100207E94 /* WelcomeCotroller.swift in Sources */ = {isa = PBXBuildFile; fileRef = DB43C15820C8701100207E94 /* WelcomeCotroller.swift */; };
		DB43C15F20C8701100207E94 /* ToDo.xcdatamodeld in Sources */ = {isa = PBXBuildFile; fileRef = DB43C15D20C8701100207E94 /* ToDo.xcdatamodeld */; };
		DB43C16120C8701400207E94 /* Assets.xcassets in Resources */ = {isa = PBXBuildFile; fileRef = DB43C16020C8701400207E94 /* Assets.xcassets */; };
		DB43C16420C8701400207E94 /* LaunchScreen.storyboard in Resources */ = {isa = PBXBuildFile; fileRef = DB43C16220C8701400207E94 /* LaunchScreen.storyboard */; };
		DB47060320D2FC5E0013BA00 /* optionset.swift in Sources */ = {isa = PBXBuildFile; fileRef = DB47060220D2FC5E0013BA00 /* optionset.swift */; };
		DB47060520D336610013BA00 /* protocol.swift in Sources */ = {isa = PBXBuildFile; fileRef = DB47060420D336610013BA00 /* protocol.swift */; };
		DB5FB0CC20E6902E00D491C7 /* TDTableView.swift in Sources */ = {isa = PBXBuildFile; fileRef = DB5FB0CB20E6902E00D491C7 /* TDTableView.swift */; };
		DB5FB0CE20E6A50A00D491C7 /* TDListCell.swift in Sources */ = {isa = PBXBuildFile; fileRef = DB5FB0CD20E6A50A00D491C7 /* TDListCell.swift */; };
		DB5FB0D320E6B07600D491C7 /* toDo.swift in Sources */ = {isa = PBXBuildFile; fileRef = DB5FB0D220E6B07600D491C7 /* toDo.swift */; };
		DB5FB0D520E8E4D500D491C7 /* TDCheckBox.swift in Sources */ = {isa = PBXBuildFile; fileRef = DB5FB0D420E8E4D500D491C7 /* TDCheckBox.swift */; };
		DB850B4D20D3F3EF00E6B1C2 /* TDNewItemPopup.swift in Sources */ = {isa = PBXBuildFile; fileRef = DB850B4C20D3F3EF00E6B1C2 /* TDNewItemPopup.swift */; };
		DB8CD1A52185C7BC00B3373C /* Raleway-SemiBold.ttf in Resources */ = {isa = PBXBuildFile; fileRef = DB8CD1A32185C7BC00B3373C /* Raleway-SemiBold.ttf */; };
		DB8CD1A62185C7BC00B3373C /* Raleway-Regular.ttf in Resources */ = {isa = PBXBuildFile; fileRef = DB8CD1A42185C7BC00B3373C /* Raleway-Regular.ttf */; };
		DBC7959220D639010080388C /* TDTextField.swift in Sources */ = {isa = PBXBuildFile; fileRef = DBC7959120D639010080388C /* TDTextField.swift */; };
		DBCD73D920D12F62007C9D43 /* TDGradient.swift in Sources */ = {isa = PBXBuildFile; fileRef = DBCD73D820D12F62007C9D43 /* TDGradient.swift */; };
		DBCD73DC20D138F1007C9D43 /* extension.swift in Sources */ = {isa = PBXBuildFile; fileRef = DBCD73DB20D138F1007C9D43 /* extension.swift */; };
		DBCD73E020D14D2A007C9D43 /* TDLabel.swift in Sources */ = {isa = PBXBuildFile; fileRef = DBCD73DF20D14D2A007C9D43 /* TDLabel.swift */; };
		DBE51B0220D2A28C00E79BE8 /* ListController.swift in Sources */ = {isa = PBXBuildFile; fileRef = DBE51B0120D2A28C00E79BE8 /* ListController.swift */; };
		DBE51B0420D2CFD100E79BE8 /* TDHeaderView.swift in Sources */ = {isa = PBXBuildFile; fileRef = DBE51B0320D2CFD100E79BE8 /* TDHeaderView.swift */; };
/* End PBXBuildFile section */

/* Begin PBXFileReference section */
		DB09D50020D26BD4003ABCE4 /* TDButton.swift */ = {isa = PBXFileReference; lastKnownFileType = sourcecode.swift; path = TDButton.swift; sourceTree = "<group>"; };
		DB43C15320C8701100207E94 /* ToDo.app */ = {isa = PBXFileReference; explicitFileType = wrapper.application; includeInIndex = 0; path = ToDo.app; sourceTree = BUILT_PRODUCTS_DIR; };
		DB43C15620C8701100207E94 /* AppDelegate.swift */ = {isa = PBXFileReference; lastKnownFileType = sourcecode.swift; path = AppDelegate.swift; sourceTree = "<group>"; };
		DB43C15820C8701100207E94 /* WelcomeCotroller.swift */ = {isa = PBXFileReference; lastKnownFileType = sourcecode.swift; path = WelcomeCotroller.swift; sourceTree = "<group>"; };
		DB43C15E20C8701100207E94 /* ToDo.xcdatamodel */ = {isa = PBXFileReference; lastKnownFileType = wrapper.xcdatamodel; path = ToDo.xcdatamodel; sourceTree = "<group>"; };
		DB43C16020C8701400207E94 /* Assets.xcassets */ = {isa = PBXFileReference; lastKnownFileType = folder.assetcatalog; path = Assets.xcassets; sourceTree = "<group>"; };
		DB43C16320C8701400207E94 /* Base */ = {isa = PBXFileReference; lastKnownFileType = file.storyboard; name = Base; path = Base.lproj/LaunchScreen.storyboard; sourceTree = "<group>"; };
		DB43C16520C8701400207E94 /* Info.plist */ = {isa = PBXFileReference; lastKnownFileType = text.plist.xml; path = Info.plist; sourceTree = "<group>"; };
		DB47060220D2FC5E0013BA00 /* optionset.swift */ = {isa = PBXFileReference; lastKnownFileType = sourcecode.swift; path = optionset.swift; sourceTree = "<group>"; };
		DB47060420D336610013BA00 /* protocol.swift */ = {isa = PBXFileReference; lastKnownFileType = sourcecode.swift; path = protocol.swift; sourceTree = "<group>"; };
		DB5FB0CB20E6902E00D491C7 /* TDTableView.swift */ = {isa = PBXFileReference; lastKnownFileType = sourcecode.swift; path = TDTableView.swift; sourceTree = "<group>"; };
		DB5FB0CD20E6A50A00D491C7 /* TDListCell.swift */ = {isa = PBXFileReference; lastKnownFileType = sourcecode.swift; path = TDListCell.swift; sourceTree = "<group>"; };
		DB5FB0D220E6B07600D491C7 /* toDo.swift */ = {isa = PBXFileReference; lastKnownFileType = sourcecode.swift; path = toDo.swift; sourceTree = "<group>"; };
		DB5FB0D420E8E4D500D491C7 /* TDCheckBox.swift */ = {isa = PBXFileReference; lastKnownFileType = sourcecode.swift; path = TDCheckBox.swift; sourceTree = "<group>"; };
		DB850B4C20D3F3EF00E6B1C2 /* TDNewItemPopup.swift */ = {isa = PBXFileReference; lastKnownFileType = sourcecode.swift; path = TDNewItemPopup.swift; sourceTree = "<group>"; };
		DB8CD1A32185C7BC00B3373C /* Raleway-SemiBold.ttf */ = {isa = PBXFileReference; lastKnownFileType = file; path = "Raleway-SemiBold.ttf"; sourceTree = "<group>"; };
		DB8CD1A42185C7BC00B3373C /* Raleway-Regular.ttf */ = {isa = PBXFileReference; lastKnownFileType = file; path = "Raleway-Regular.ttf"; sourceTree = "<group>"; };
		DBC7959120D639010080388C /* TDTextField.swift */ = {isa = PBXFileReference; lastKnownFileType = sourcecode.swift; path = TDTextField.swift; sourceTree = "<group>"; };
		DBCD73D820D12F62007C9D43 /* TDGradient.swift */ = {isa = PBXFileReference; lastKnownFileType = sourcecode.swift; path = TDGradient.swift; sourceTree = "<group>"; };
		DBCD73DB20D138F1007C9D43 /* extension.swift */ = {isa = PBXFileReference; lastKnownFileType = sourcecode.swift; path = extension.swift; sourceTree = "<group>"; };
		DBCD73DF20D14D2A007C9D43 /* TDLabel.swift */ = {isa = PBXFileReference; lastKnownFileType = sourcecode.swift; path = TDLabel.swift; sourceTree = "<group>"; };
		DBE51B0120D2A28C00E79BE8 /* ListController.swift */ = {isa = PBXFileReference; lastKnownFileType = sourcecode.swift; path = ListController.swift; sourceTree = "<group>"; };
		DBE51B0320D2CFD100E79BE8 /* TDHeaderView.swift */ = {isa = PBXFileReference; lastKnownFileType = sourcecode.swift; path = TDHeaderView.swift; sourceTree = "<group>"; };
/* End PBXFileReference section */

/* Begin PBXFrameworksBuildPhase section */
		DB43C15020C8701100207E94 /* Frameworks */ = {
			isa = PBXFrameworksBuildPhase;
			buildActionMask = 2147483647;
			files = (
			);
			runOnlyForDeploymentPostprocessing = 0;
		};
/* End PBXFrameworksBuildPhase section */

/* Begin PBXGroup section */
		DB43C14A20C8701100207E94 = {
			isa = PBXGroup;
			children = (
				DB43C15520C8701100207E94 /* ToDo */,
				DB43C15420C8701100207E94 /* Products */,
			);
			sourceTree = "<group>";
		};
		DB43C15420C8701100207E94 /* Products */ = {
			isa = PBXGroup;
			children = (
				DB43C15320C8701100207E94 /* ToDo.app */,
			);
			name = Products;
			sourceTree = "<group>";
		};
		DB43C15520C8701100207E94 /* ToDo */ = {
			isa = PBXGroup;
			children = (
				DB5FB0CF20E6B03600D491C7 /* model */,
				DB43C15620C8701100207E94 /* AppDelegate.swift */,
				DBCD73DD20D14CF6007C9D43 /* controls */,
				DBCD73DA20D138DE007C9D43 /* extension */,
				DBCD73E120D197E5007C9D43 /* fonts */,
				DBE51B0520D2D65100E79BE8 /* controllers */,
				DB43C16020C8701400207E94 /* Assets.xcassets */,
				DB43C16220C8701400207E94 /* LaunchScreen.storyboard */,
				DB43C16520C8701400207E94 /* Info.plist */,
				DB43C15D20C8701100207E94 /* ToDo.xcdatamodeld */,
			);
			path = ToDo;
			sourceTree = "<group>";
		};
		DB5FB0CF20E6B03600D491C7 /* model */ = {
			isa = PBXGroup;
			children = (
				DB5FB0D220E6B07600D491C7 /* toDo.swift */,
			);
			path = model;
			sourceTree = "<group>";
		};
		DBCD73DA20D138DE007C9D43 /* extension */ = {
			isa = PBXGroup;
			children = (
				DBCD73DB20D138F1007C9D43 /* extension.swift */,
				DB47060420D336610013BA00 /* protocol.swift */,
				DB47060220D2FC5E0013BA00 /* optionset.swift */,
			);
			path = extension;
			sourceTree = "<group>";
		};
		DBCD73DD20D14CF6007C9D43 /* controls */ = {
			isa = PBXGroup;
			children = (
				DBCD73DE20D14D13007C9D43 /* custom */,
			);
			path = controls;
			sourceTree = "<group>";
		};
		DBCD73DE20D14D13007C9D43 /* custom */ = {
			isa = PBXGroup;
			children = (
				DBCD73D820D12F62007C9D43 /* TDGradient.swift */,
				DB5FB0D420E8E4D500D491C7 /* TDCheckBox.swift */,
				DB5FB0CD20E6A50A00D491C7 /* TDListCell.swift */,
				DB5FB0CB20E6902E00D491C7 /* TDTableView.swift */,
				DBC7959120D639010080388C /* TDTextField.swift */,
				DBE51B0320D2CFD100E79BE8 /* TDHeaderView.swift */,
				DBCD73DF20D14D2A007C9D43 /* TDLabel.swift */,
				DB09D50020D26BD4003ABCE4 /* TDButton.swift */,
				DB850B4C20D3F3EF00E6B1C2 /* TDNewItemPopup.swift */,
			);
			path = custom;
			sourceTree = "<group>";
		};
		DBCD73E120D197E5007C9D43 /* fonts */ = {
			isa = PBXGroup;
			children = (
				DB8CD1A42185C7BC00B3373C /* Raleway-Regular.ttf */,
				DB8CD1A32185C7BC00B3373C /* Raleway-SemiBold.ttf */,
			);
			path = fonts;
			sourceTree = "<group>";
		};
		DBE51B0520D2D65100E79BE8 /* controllers */ = {
			isa = PBXGroup;
			children = (
				DB43C15820C8701100207E94 /* WelcomeCotroller.swift */,
				DBE51B0120D2A28C00E79BE8 /* ListController.swift */,
			);
			path = controllers;
			sourceTree = "<group>";
		};
/* End PBXGroup section */

/* Begin PBXNativeTarget section */
		DB43C15220C8701100207E94 /* ToDo */ = {
			isa = PBXNativeTarget;
			buildConfigurationList = DB43C16820C8701400207E94 /* Build configuration list for PBXNativeTarget "ToDo" */;
			buildPhases = (
				DB43C14F20C8701100207E94 /* Sources */,
				DB43C15020C8701100207E94 /* Frameworks */,
				DB43C15120C8701100207E94 /* Resources */,
			);
			buildRules = (
			);
			dependencies = (
			);
			name = ToDo;
			productName = ToDo;
			productReference = DB43C15320C8701100207E94 /* ToDo.app */;
			productType = "com.apple.product-type.application";
		};
/* End PBXNativeTarget section */

/* Begin PBXProject section */
		DB43C14B20C8701100207E94 /* Project object */ = {
			isa = PBXProject;
			attributes = {
				LastSwiftUpdateCheck = 0940;
				LastUpgradeCheck = 0940;
				ORGANIZATIONNAME = "Rishabh Raj";
				TargetAttributes = {
					DB43C15220C8701100207E94 = {
						CreatedOnToolsVersion = 9.4;
						LastSwiftMigration = 1000;
					};
				};
			};
			buildConfigurationList = DB43C14E20C8701100207E94 /* Build configuration list for PBXProject "ToDo" */;
			compatibilityVersion = "Xcode 9.3";
			developmentRegion = en;
			hasScannedForEncodings = 0;
			knownRegions = (
				en,
				Base,
			);
			mainGroup = DB43C14A20C8701100207E94;
			productRefGroup = DB43C15420C8701100207E94 /* Products */;
			projectDirPath = "";
			projectRoot = "";
			targets = (
				DB43C15220C8701100207E94 /* ToDo */,
			);
		};
/* End PBXProject section */

/* Begin PBXResourcesBuildPhase section */
		DB43C15120C8701100207E94 /* Resources */ = {
			isa = PBXResourcesBuildPhase;
			buildActionMask = 2147483647;
			files = (
				DB8CD1A52185C7BC00B3373C /* Raleway-SemiBold.ttf in Resources */,
				DB43C16420C8701400207E94 /* LaunchScreen.storyboard in Resources */,
				DB43C16120C8701400207E94 /* Assets.xcassets in Resources */,
				DB8CD1A62185C7BC00B3373C /* Raleway-Regular.ttf in Resources */,
			);
			runOnlyForDeploymentPostprocessing = 0;
		};
/* End PBXResourcesBuildPhase section */

/* Begin PBXSourcesBuildPhase section */
		DB43C14F20C8701100207E94 /* Sources */ = {
			isa = PBXSourcesBuildPhase;
			buildActionMask = 2147483647;
			files = (
				DB5FB0CE20E6A50A00D491C7 /* TDListCell.swift in Sources */,
				DBC7959220D639010080388C /* TDTextField.swift in Sources */,
				DB09D50120D26BD4003ABCE4 /* TDButton.swift in Sources */,
				DB43C15920C8701100207E94 /* WelcomeCotroller.swift in Sources */,
				DBCD73D920D12F62007C9D43 /* TDGradient.swift in Sources */,
				DB43C15F20C8701100207E94 /* ToDo.xcdatamodeld in Sources */,
				DB5FB0D520E8E4D500D491C7 /* TDCheckBox.swift in Sources */,
				DB5FB0CC20E6902E00D491C7 /* TDTableView.swift in Sources */,
				DBCD73DC20D138F1007C9D43 /* extension.swift in Sources */,
				DBCD73E020D14D2A007C9D43 /* TDLabel.swift in Sources */,
				DB850B4D20D3F3EF00E6B1C2 /* TDNewItemPopup.swift in Sources */,
				DB43C15720C8701100207E94 /* AppDelegate.swift in Sources */,
				DB5FB0D320E6B07600D491C7 /* toDo.swift in Sources */,
				DB47060320D2FC5E0013BA00 /* optionset.swift in Sources */,
				DB47060520D336610013BA00 /* protocol.swift in Sources */,
				DBE51B0220D2A28C00E79BE8 /* ListController.swift in Sources */,
				DBE51B0420D2CFD100E79BE8 /* TDHeaderView.swift in Sources */,
			);
			runOnlyForDeploymentPostprocessing = 0;
		};
/* End PBXSourcesBuildPhase section */

/* Begin PBXVariantGroup section */
		DB43C16220C8701400207E94 /* LaunchScreen.storyboard */ = {
			isa = PBXVariantGroup;
			children = (
				DB43C16320C8701400207E94 /* Base */,
			);
			name = LaunchScreen.storyboard;
			sourceTree = "<group>";
		};
/* End PBXVariantGroup section */

/* Begin XCBuildConfiguration section */
		DB43C16620C8701400207E94 /* Debug */ = {
			isa = XCBuildConfiguration;
			buildSettings = {
				ALWAYS_SEARCH_USER_PATHS = NO;
				CLANG_ANALYZER_NONNULL = YES;
				CLANG_ANALYZER_NUMBER_OBJECT_CONVERSION = YES_AGGRESSIVE;
				CLANG_CXX_LANGUAGE_STANDARD = "gnu++14";
				CLANG_CXX_LIBRARY = "libc++";
				CLANG_ENABLE_MODULES = YES;
				CLANG_ENABLE_OBJC_ARC = YES;
				CLANG_ENABLE_OBJC_WEAK = YES;
				CLANG_WARN_BLOCK_CAPTURE_AUTORELEASING = YES;
				CLANG_WARN_BOOL_CONVERSION = YES;
				CLANG_WARN_COMMA = YES;
				CLANG_WARN_CONSTANT_CONVERSION = YES;
				CLANG_WARN_DEPRECATED_OBJC_IMPLEMENTATIONS = YES;
				CLANG_WARN_DIRECT_OBJC_ISA_USAGE = YES_ERROR;
				CLANG_WARN_DOCUMENTATION_COMMENTS = YES;
				CLANG_WARN_EMPTY_BODY = YES;
				CLANG_WARN_ENUM_CONVERSION = YES;
				CLANG_WARN_INFINITE_RECURSION = YES;
				CLANG_WARN_INT_CONVERSION = YES;
				CLANG_WARN_NON_LITERAL_NULL_CONVERSION = YES;
				CLANG_WARN_OBJC_IMPLICIT_RETAIN_SELF = YES;
				CLANG_WARN_OBJC_LITERAL_CONVERSION = YES;
				CLANG_WARN_OBJC_ROOT_CLASS = YES_ERROR;
				CLANG_WARN_RANGE_LOOP_ANALYSIS = YES;
				CLANG_WARN_STRICT_PROTOTYPES = YES;
				CLANG_WARN_SUSPICIOUS_MOVE = YES;
				CLANG_WARN_UNGUARDED_AVAILABILITY = YES_AGGRESSIVE;
				CLANG_WARN_UNREACHABLE_CODE = YES;
				CLANG_WARN__DUPLICATE_METHOD_MATCH = YES;
				CODE_SIGN_IDENTITY = "iPhone Developer";
				COPY_PHASE_STRIP = NO;
				DEBUG_INFORMATION_FORMAT = dwarf;
				ENABLE_STRICT_OBJC_MSGSEND = YES;
				ENABLE_TESTABILITY = YES;
				GCC_C_LANGUAGE_STANDARD = gnu11;
				GCC_DYNAMIC_NO_PIC = NO;
				GCC_NO_COMMON_BLOCKS = YES;
				GCC_OPTIMIZATION_LEVEL = 0;
				GCC_PREPROCESSOR_DEFINITIONS = (
					"DEBUG=1",
					"$(inherited)",
				);
				GCC_WARN_64_TO_32_BIT_CONVERSION = YES;
				GCC_WARN_ABOUT_RETURN_TYPE = YES_ERROR;
				GCC_WARN_UNDECLARED_SELECTOR = YES;
				GCC_WARN_UNINITIALIZED_AUTOS = YES_AGGRESSIVE;
				GCC_WARN_UNUSED_FUNCTION = YES;
				GCC_WARN_UNUSED_VARIABLE = YES;
				IPHONEOS_DEPLOYMENT_TARGET = 11.4;
				MTL_ENABLE_DEBUG_INFO = YES;
				ONLY_ACTIVE_ARCH = YES;
				SDKROOT = iphoneos;
				SWIFT_ACTIVE_COMPILATION_CONDITIONS = DEBUG;
				SWIFT_OPTIMIZATION_LEVEL = "-Onone";
			};
			name = Debug;
		};
		DB43C16720C8701400207E94 /* Release */ = {
			isa = XCBuildConfiguration;
			buildSettings = {
				ALWAYS_SEARCH_USER_PATHS = NO;
				CLANG_ANALYZER_NONNULL = YES;
				CLANG_ANALYZER_NUMBER_OBJECT_CONVERSION = YES_AGGRESSIVE;
				CLANG_CXX_LANGUAGE_STANDARD = "gnu++14";
				CLANG_CXX_LIBRARY = "libc++";
				CLANG_ENABLE_MODULES = YES;
				CLANG_ENABLE_OBJC_ARC = YES;
				CLANG_ENABLE_OBJC_WEAK = YES;
				CLANG_WARN_BLOCK_CAPTURE_AUTORELEASING = YES;
				CLANG_WARN_BOOL_CONVERSION = YES;
				CLANG_WARN_COMMA = YES;
				CLANG_WARN_CONSTANT_CONVERSION = YES;
				CLANG_WARN_DEPRECATED_OBJC_IMPLEMENTATIONS = YES;
				CLANG_WARN_DIRECT_OBJC_ISA_USAGE = YES_ERROR;
				CLANG_WARN_DOCUMENTATION_COMMENTS = YES;
				CLANG_WARN_EMPTY_BODY = YES;
				CLANG_WARN_ENUM_CONVERSION = YES;
				CLANG_WARN_INFINITE_RECURSION = YES;
				CLANG_WARN_INT_CONVERSION = YES;
				CLANG_WARN_NON_LITERAL_NULL_CONVERSION = YES;
				CLANG_WARN_OBJC_IMPLICIT_RETAIN_SELF = YES;
				CLANG_WARN_OBJC_LITERAL_CONVERSION = YES;
				CLANG_WARN_OBJC_ROOT_CLASS = YES_ERROR;
				CLANG_WARN_RANGE_LOOP_ANALYSIS = YES;
				CLANG_WARN_STRICT_PROTOTYPES = YES;
				CLANG_WARN_SUSPICIOUS_MOVE = YES;
				CLANG_WARN_UNGUARDED_AVAILABILITY = YES_AGGRESSIVE;
				CLANG_WARN_UNREACHABLE_CODE = YES;
				CLANG_WARN__DUPLICATE_METHOD_MATCH = YES;
				CODE_SIGN_IDENTITY = "iPhone Developer";
				COPY_PHASE_STRIP = NO;
				DEBUG_INFORMATION_FORMAT = "dwarf-with-dsym";
				ENABLE_NS_ASSERTIONS = NO;
				ENABLE_STRICT_OBJC_MSGSEND = YES;
				GCC_C_LANGUAGE_STANDARD = gnu11;
				GCC_NO_COMMON_BLOCKS = YES;
				GCC_WARN_64_TO_32_BIT_CONVERSION = YES;
				GCC_WARN_ABOUT_RETURN_TYPE = YES_ERROR;
				GCC_WARN_UNDECLARED_SELECTOR = YES;
				GCC_WARN_UNINITIALIZED_AUTOS = YES_AGGRESSIVE;
				GCC_WARN_UNUSED_FUNCTION = YES;
				GCC_WARN_UNUSED_VARIABLE = YES;
				IPHONEOS_DEPLOYMENT_TARGET = 11.4;
				MTL_ENABLE_DEBUG_INFO = NO;
				SDKROOT = iphoneos;
				SWIFT_COMPILATION_MODE = wholemodule;
				SWIFT_OPTIMIZATION_LEVEL = "-O";
				VALIDATE_PRODUCT = YES;
			};
			name = Release;
		};
		DB43C16920C8701400207E94 /* Debug */ = {
			isa = XCBuildConfiguration;
			buildSettings = {
				ASSETCATALOG_COMPILER_APPICON_NAME = AppIcon;
				CODE_SIGN_STYLE = Automatic;
				DEVELOPMENT_TEAM = 6J7Z474QUR;
				INFOPLIST_FILE = ToDo/Info.plist;
				LD_RUNPATH_SEARCH_PATHS = (
					"$(inherited)",
					"@executable_path/Frameworks",
				);
				PRODUCT_BUNDLE_IDENTIFIER = com.rishstudio.ToDo;
				PRODUCT_NAME = "$(TARGET_NAME)";
				SWIFT_VERSION = 4.2;
				TARGETED_DEVICE_FAMILY = "1,2";
			};
			name = Debug;
		};
		DB43C16A20C8701400207E94 /* Release */ = {
			isa = XCBuildConfiguration;
			buildSettings = {
				ASSETCATALOG_COMPILER_APPICON_NAME = AppIcon;
				CODE_SIGN_STYLE = Automatic;
				DEVELOPMENT_TEAM = 6J7Z474QUR;
				INFOPLIST_FILE = ToDo/Info.plist;
				LD_RUNPATH_SEARCH_PATHS = (
					"$(inherited)",
					"@executable_path/Frameworks",
				);
				PRODUCT_BUNDLE_IDENTIFIER = com.rishstudio.ToDo;
				PRODUCT_NAME = "$(TARGET_NAME)";
				SWIFT_VERSION = 4.2;
				TARGETED_DEVICE_FAMILY = "1,2";
			};
			name = Release;
		};
/* End XCBuildConfiguration section */

/* Begin XCConfigurationList section */
		DB43C14E20C8701100207E94 /* Build configuration list for PBXProject "ToDo" */ = {
			isa = XCConfigurationList;
			buildConfigurations = (
				DB43C16620C8701400207E94 /* Debug */,
				DB43C16720C8701400207E94 /* Release */,
			);
			defaultConfigurationIsVisible = 0;
			defaultConfigurationName = Release;
		};
		DB43C16820C8701400207E94 /* Build configuration list for PBXNativeTarget "ToDo" */ = {
			isa = XCConfigurationList;
			buildConfigurations = (
				DB43C16920C8701400207E94 /* Debug */,
				DB43C16A20C8701400207E94 /* Release */,
			);
			defaultConfigurationIsVisible = 0;
			defaultConfigurationName = Release;
		};
/* End XCConfigurationList section */

/* Begin XCVersionGroup section */
		DB43C15D20C8701100207E94 /* ToDo.xcdatamodeld */ = {
			isa = XCVersionGroup;
			children = (
				DB43C15E20C8701100207E94 /* ToDo.xcdatamodel */,
			);
			currentVersion = DB43C15E20C8701100207E94 /* ToDo.xcdatamodel */;
			path = ToDo.xcdatamodeld;
			sourceTree = "<group>";
			versionGroupType = wrapper.xcdatamodel;
		};
/* End XCVersionGroup section */
	};
	rootObject = DB43C14B20C8701100207E94 /* Project object */;
}
